
Microsoft Visual Studio Solution File, Format Version 12.00
# Visual Studio Version 17
VisualStudioVersion = 17.1.32210.238
MinimumVisualStudioVersion = 10.0.40219.1
Project("{8BC9CEB8-8B4A-11D0-8D11-00A0C91BC942}") = "Lab12_3.2B", "Lab12_3.2B\Lab12_3.2B.vcxproj", "{FB615581-E71E-4679-A5E5-0E3E44FE3B13}"
EndProject
Project("{8BC9CEB8-8B4A-11D0-8D11-00A0C91BC942}") = "UnitTest", "UnitTest\UnitTest.vcxproj", "{B382A946-646A-42DF-9E62-1AEEF0091A87}"
EndProject
Global
	GlobalSection(SolutionConfigurationPlatforms) = preSolution
		Debug|x64 = Debug|x64
		Debug|x86 = Debug|x86
		Release|x64 = Release|x64
		Release|x86 = Release|x86
	EndGlobalSection
	GlobalSection(ProjectConfigurationPlatforms) = postSolution
		{FB615581-E71E-4679-A5E5-0E3E44FE3B13}.Debug|x64.ActiveCfg = Debug|x64
		{FB615581-E71E-4679-A5E5-0E3E44FE3B13}.Debug|x64.Build.0 = Debug|x64
		{FB615581-E71E-4679-A5E5-0E3E44FE3B13}.Debug|x86.ActiveCfg = Debug|Win32
		{FB615581-E71E-4679-A5E5-0E3E44FE3B13}.Debug|x86.Build.0 = Debug|Win32
		{FB615581-E71E-4679-A5E5-0E3E44FE3B13}.Release|x64.ActiveCfg = Release|x64
		{FB615581-E71E-4679-A5E5-0E3E44FE3B13}.Release|x64.Build.0 = Release|x64
		{FB615581-E71E-4679-A5E5-0E3E44FE3B13}.Release|x86.ActiveCfg = Release|Win32
		{FB615581-E71E-4679-A5E5-0E3E44FE3B13}.Release|x86.Build.0 = Release|Win32
		{B382A946-646A-42DF-9E62-1AEEF0091A87}.Debug|x64.ActiveCfg = Debug|x64
		{B382A946-646A-42DF-9E62-1AEEF0091A87}.Debug|x64.Build.0 = Debug|x64
		{B382A946-646A-42DF-9E62-1AEEF0091A87}.Debug|x86.ActiveCfg = Debug|Win32
		{B382A946-646A-42DF-9E62-1AEEF0091A87}.Debug|x86.Build.0 = Debug|Win32
		{B382A946-646A-42DF-9E62-1AEEF0091A87}.Release|x64.ActiveCfg = Release|x64
		{B382A946-646A-42DF-9E62-1AEEF0091A87}.Release|x64.Build.0 = Release|x64
		{B382A946-646A-42DF-9E62-1AEEF0091A87}.Release|x86.ActiveCfg = Release|Win32
		{B382A946-646A-42DF-9E62-1AEEF0091A87}.Release|x86.Build.0 = Release|Win32
	EndGlobalSection
	GlobalSection(SolutionProperties) = preSolution
		HideSolutionNode = FALSE
	EndGlobalSection
	GlobalSection(ExtensibilityGlobals) = postSolution
		SolutionGuid = {9CFF64D6-0ABA-4DB6-8087-840F58548057}
	EndGlobalSection
EndGlobal
